
Microsoft Visual Studio Solution File, Format Version 10.00
# Visual Studio 2008
Project("{FAE04EC0-301F-11D3-BF4B-00C04F79EFBC}") = "LogicSoftware.Infrastructure", "src\Infrastructure\LogicSoftware.Infrastructure.csproj", "{727D9AB5-49E9-44FF-B031-12AAD90371B6}"
EndProject
Project("{2150E333-8FDC-42A3-9474-1A3956D46DE8}") = "src", "src", "{5113DE54-4E04-4C44-BD6D-A64FCA7CC207}"
EndProject
Project("{FAE04EC0-301F-11D3-BF4B-00C04F79EFBC}") = "LogicSoftware.DataAccess.Repository", "src\DataAccess.Repository\LogicSoftware.DataAccess.Repository.csproj", "{0E89DF7F-0621-4D19-BF86-D95A13D43455}"
EndProject
Project("{FAE04EC0-301F-11D3-BF4B-00C04F79EFBC}") = "LogicSoftware.Infrastructure.EntLib", "src\Infrastructure.EntLib\LogicSoftware.Infrastructure.EntLib.csproj", "{D1C7FE2B-B28B-4A1F-8AC6-79B18EBD2D0C}"
EndProject
Project("{2150E333-8FDC-42A3-9474-1A3956D46DE8}") = "test", "test", "{0717060D-DD10-40E3-A817-5A25B9495F05}"
EndProject
Project("{FAE04EC0-301F-11D3-BF4B-00C04F79EFBC}") = "LogicSoftware.DataAccess.Repository.Tests", "test\DataAccess.Repository.Tests\LogicSoftware.DataAccess.Repository.Tests.csproj", "{22049FAA-AE04-4065-9E1B-067FD2CBE44C}"
EndProject
Project("{2150E333-8FDC-42A3-9474-1A3956D46DE8}") = "Solution Items", "Solution Items", "{EF5D23B8-01F9-4000-8442-789DA0ECF9AD}"
	ProjectSection(SolutionItems) = preProject
		test\config\coverage.testrunconfig = test\config\coverage.testrunconfig
		LSDA.vsmdi = LSDA.vsmdi
		test\config\nocoverage.testrunconfig = test\config\nocoverage.testrunconfig
	EndProjectSection
EndProject
Project("{FAE04EC0-301F-11D3-BF4B-00C04F79EFBC}") = "LogicSoftware.DataAccess.Repository.Extensions", "src\DataAccess.Repository.Extensions\LogicSoftware.DataAccess.Repository.Extensions.csproj", "{FBDD7309-F91D-4273-AF62-EDB7D2182C39}"
EndProject
Global
	GlobalSection(TestCaseManagementSettings) = postSolution
		CategoryFile = LSDA.vsmdi
	EndGlobalSection
	GlobalSection(SolutionConfigurationPlatforms) = preSolution
		Debug|Any CPU = Debug|Any CPU
		Debug|x86 = Debug|x86
		Release|Any CPU = Release|Any CPU
		Release|x86 = Release|x86
	EndGlobalSection
	GlobalSection(ProjectConfigurationPlatforms) = postSolution
		{727D9AB5-49E9-44FF-B031-12AAD90371B6}.Debug|Any CPU.ActiveCfg = Debug|Any CPU
		{727D9AB5-49E9-44FF-B031-12AAD90371B6}.Debug|Any CPU.Build.0 = Debug|Any CPU
		{727D9AB5-49E9-44FF-B031-12AAD90371B6}.Debug|x86.ActiveCfg = Debug|Any CPU
		{727D9AB5-49E9-44FF-B031-12AAD90371B6}.Release|Any CPU.ActiveCfg = Release|Any CPU
		{727D9AB5-49E9-44FF-B031-12AAD90371B6}.Release|Any CPU.Build.0 = Release|Any CPU
		{727D9AB5-49E9-44FF-B031-12AAD90371B6}.Release|x86.ActiveCfg = Release|Any CPU
		{0E89DF7F-0621-4D19-BF86-D95A13D43455}.Debug|Any CPU.ActiveCfg = Debug|Any CPU
		{0E89DF7F-0621-4D19-BF86-D95A13D43455}.Debug|Any CPU.Build.0 = Debug|Any CPU
		{0E89DF7F-0621-4D19-BF86-D95A13D43455}.Debug|x86.ActiveCfg = Debug|x86
		{0E89DF7F-0621-4D19-BF86-D95A13D43455}.Debug|x86.Build.0 = Debug|x86
		{0E89DF7F-0621-4D19-BF86-D95A13D43455}.Release|Any CPU.ActiveCfg = Release|Any CPU
		{0E89DF7F-0621-4D19-BF86-D95A13D43455}.Release|Any CPU.Build.0 = Release|Any CPU
		{0E89DF7F-0621-4D19-BF86-D95A13D43455}.Release|x86.ActiveCfg = Release|x86
		{0E89DF7F-0621-4D19-BF86-D95A13D43455}.Release|x86.Build.0 = Release|x86
		{D1C7FE2B-B28B-4A1F-8AC6-79B18EBD2D0C}.Debug|Any CPU.ActiveCfg = Debug|Any CPU
		{D1C7FE2B-B28B-4A1F-8AC6-79B18EBD2D0C}.Debug|Any CPU.Build.0 = Debug|Any CPU
		{D1C7FE2B-B28B-4A1F-8AC6-79B18EBD2D0C}.Debug|x86.ActiveCfg = Debug|Any CPU
		{D1C7FE2B-B28B-4A1F-8AC6-79B18EBD2D0C}.Release|Any CPU.ActiveCfg = Release|Any CPU
		{D1C7FE2B-B28B-4A1F-8AC6-79B18EBD2D0C}.Release|Any CPU.Build.0 = Release|Any CPU
		{D1C7FE2B-B28B-4A1F-8AC6-79B18EBD2D0C}.Release|x86.ActiveCfg = Release|Any CPU
		{22049FAA-AE04-4065-9E1B-067FD2CBE44C}.Debug|Any CPU.ActiveCfg = Debug|Any CPU
		{22049FAA-AE04-4065-9E1B-067FD2CBE44C}.Debug|Any CPU.Build.0 = Debug|Any CPU
		{22049FAA-AE04-4065-9E1B-067FD2CBE44C}.Debug|x86.ActiveCfg = Debug|Any CPU
		{22049FAA-AE04-4065-9E1B-067FD2CBE44C}.Release|Any CPU.ActiveCfg = Release|Any CPU
		{22049FAA-AE04-4065-9E1B-067FD2CBE44C}.Release|Any CPU.Build.0 = Release|Any CPU
		{22049FAA-AE04-4065-9E1B-067FD2CBE44C}.Release|x86.ActiveCfg = Release|Any CPU
		{FBDD7309-F91D-4273-AF62-EDB7D2182C39}.Debug|Any CPU.ActiveCfg = Debug|Any CPU
		{FBDD7309-F91D-4273-AF62-EDB7D2182C39}.Debug|Any CPU.Build.0 = Debug|Any CPU
		{FBDD7309-F91D-4273-AF62-EDB7D2182C39}.Debug|x86.ActiveCfg = Debug|Any CPU
		{FBDD7309-F91D-4273-AF62-EDB7D2182C39}.Release|Any CPU.ActiveCfg = Release|Any CPU
		{FBDD7309-F91D-4273-AF62-EDB7D2182C39}.Release|Any CPU.Build.0 = Release|Any CPU
		{FBDD7309-F91D-4273-AF62-EDB7D2182C39}.Release|x86.ActiveCfg = Release|Any CPU
	EndGlobalSection
	GlobalSection(SolutionProperties) = preSolution
		HideSolutionNode = FALSE
	EndGlobalSection
	GlobalSection(NestedProjects) = preSolution
		{727D9AB5-49E9-44FF-B031-12AAD90371B6} = {5113DE54-4E04-4C44-BD6D-A64FCA7CC207}
		{0E89DF7F-0621-4D19-BF86-D95A13D43455} = {5113DE54-4E04-4C44-BD6D-A64FCA7CC207}
		{D1C7FE2B-B28B-4A1F-8AC6-79B18EBD2D0C} = {5113DE54-4E04-4C44-BD6D-A64FCA7CC207}
		{FBDD7309-F91D-4273-AF62-EDB7D2182C39} = {5113DE54-4E04-4C44-BD6D-A64FCA7CC207}
		{22049FAA-AE04-4065-9E1B-067FD2CBE44C} = {0717060D-DD10-40E3-A817-5A25B9495F05}
	EndGlobalSection
EndGlobal
