
Microsoft Visual Studio Solution File, Format Version 10.00
# Visual Studio 2008
Project("{FAE04EC0-301F-11D3-BF4B-00C04F79EFBC}") = "BasicSample", "BasicSample.csproj", "{70440CBF-FA6D-4EC0-97F6-C378C1AC3C17}"
EndProject
Global
	GlobalSection(SolutionConfigurationPlatforms) = preSolution
		Debug|Any CPU = Debug|Any CPU
		Release|Any CPU = Release|Any CPU
	EndGlobalSection
	GlobalSection(ProjectConfigurationPlatforms) = postSolution
		{70440CBF-FA6D-4EC0-97F6-C378C1AC3C17}.Debug|Any CPU.ActiveCfg = Debug|Any CPU
		{70440CBF-FA6D-4EC0-97F6-C378C1AC3C17}.Debug|Any CPU.Build.0 = Debug|Any CPU
		{70440CBF-FA6D-4EC0-97F6-C378C1AC3C17}.Release|Any CPU.ActiveCfg = Release|Any CPU
		{70440CBF-FA6D-4EC0-97F6-C378C1AC3C17}.Release|Any CPU.Build.0 = Release|Any CPU
	EndGlobalSection
	GlobalSection(SolutionProperties) = preSolution
		HideSolutionNode = FALSE
	EndGlobalSection
EndGlobal
